
Microsoft Visual Studio Solution File, Format Version 12.00
# Visual Studio 15
VisualStudioVersion = 15.0.28307.645
MinimumVisualStudioVersion = 10.0.40219.1
Project("{9092AA53-FB77-4645-B42D-1CCCA6BD08BD}") = "crevette-bot-ts", "crevette-bot-ts.njsproj", "{0E604C75-89F0-474C-98DB-A4AAD5CE67D9}"
EndProject
Global
	GlobalSection(SolutionConfigurationPlatforms) = preSolution
		Debug|Any CPU = Debug|Any CPU
		Release|Any CPU = Release|Any CPU
	EndGlobalSection
	GlobalSection(ProjectConfigurationPlatforms) = postSolution
		{0E604C75-89F0-474C-98DB-A4AAD5CE67D9}.Debug|Any CPU.ActiveCfg = Debug|Any CPU
		{0E604C75-89F0-474C-98DB-A4AAD5CE67D9}.Debug|Any CPU.Build.0 = Debug|Any CPU
		{0E604C75-89F0-474C-98DB-A4AAD5CE67D9}.Release|Any CPU.ActiveCfg = Release|Any CPU
		{0E604C75-89F0-474C-98DB-A4AAD5CE67D9}.Release|Any CPU.Build.0 = Release|Any CPU
	EndGlobalSection
	GlobalSection(SolutionProperties) = preSolution
		HideSolutionNode = FALSE
	EndGlobalSection
	GlobalSection(ExtensibilityGlobals) = postSolution
		SolutionGuid = {5C1A4EC8-BC58-49FB-85E2-16CED3C579C0}
	EndGlobalSection
EndGlobal
